<?xml version="1.0" encoding="UTF-8"?>
<CONFIG>
  <ProjectOptions>
    <Version Value="12"/>
    <General>
      <Flags>
        <MainUnitHasCreateFormStatements Value="False"/>
        <MainUnitHasTitleStatement Value="False"/>
        <MainUnitHasScaledStatement Value="False"/>
      </Flags>
      <Title Value="benchmark"/>
      <UseAppBundle Value="False"/>
      <ResourceType Value="res"/>
    </General>
    <BuildModes Active="Release">
      <Item Name="Debug" Default="True"/>
      <Item Name="Release">
        <CompilerOptions>
          <Version Value="11"/>
          <Target>
            <Filename Value="benchmark"/>
          </Target>
          <SearchPaths>
            <IncludeFiles Value="$(ProjOutDir)"/>
            <UnitOutputDirectory Value="lib/$(TargetCPU)-$(TargetOS)"/>
          </SearchPaths>
          <CodeGeneration>
            <SmartLinkUnit Value="True"/>
            <Optimizations>
              <OptimizationLevel Value="3"/>
            </Optimizations>
          </CodeGeneration>
          <Linking>
            <Debugging>
              <GenerateDebugInfo Value="False"/>
              <RunWithoutDebug Value="True"/>
              <StripSymbols Value="True"/>
            </Debugging>
            <LinkSmart Value="True"/>
          </Linking>
        </CompilerOptions>
      </Item>
    </BuildModes>
    <PublishOptions>
      <Version Value="2"/>
      <UseFileFilters Value="True"/>
    </PublishOptions>
    <RunParams>
      <FormatVersion Value="2"/>
    </RunParams>
    <RequiredPackages>
      <Item>
        <PackageName Value="adimpack"/>
      </Item>
    </RequiredPackages>
    <Units>
      <Unit>
        <Filename Value="benchmark.lpr"/>
        <IsPartOfProject Value="True"/>
        <CursorPos X="14" Y="44"/>
        <UsageCount Value="37"/>
        <Loaded Value="True"/>
      </Unit>
      <Unit>
        <Filename Value="../adimpas/adim.pas"/>
        <UnitName Value="ADim"/>
        <EditorIndex Value="-1"/>
        <TopLine Value="3671"/>
        <CursorPos X="88" Y="3700"/>
        <UsageCount Value="10"/>
      </Unit>
      <Unit>
        <Filename Value="../springone/libsrc/springtolerances.pas"/>
        <UnitName Value="SpringTolerances"/>
        <EditorIndex Value="-1"/>
        <TopLine Value="274"/>
        <UsageCount Value="10"/>
      </Unit>
      <Unit>
        <Filename Value="../adimpas/adim.inc"/>
        <EditorIndex Value="-1"/>
        <TopLine Value="207"/>
        <CursorPos X="51" Y="260"/>
        <UsageCount Value="10"/>
      </Unit>
      <Unit>
        <Filename Value="../../adimpas/adim.pas"/>
        <UnitName Value="ADim"/>
        <EditorIndex Value="-1"/>
        <CursorPos X="15" Y="46"/>
        <UsageCount Value="10"/>
      </Unit>
      <Unit>
        <Filename Value="adimrt.pas"/>
        <UnitName Value="ADimRT"/>
        <IsVisibleTab Value="True"/>
        <EditorIndex Value="1"/>
        <TopLine Value="64"/>
        <CursorPos X="83" Y="104"/>
        <UsageCount Value="10"/>
        <Loaded Value="True"/>
      </Unit>
    </Units>
    <JumpHistory HistoryIndex="5">
      <Position>
        <Filename Value="benchmark.lpr"/>
        <Caret Line="10" Column="5"/>
      </Position>
      <Position>
        <Filename Value="benchmark.lpr"/>
        <Caret Line="11" Column="3"/>
      </Position>
      <Position>
        <Filename Value="benchmark.lpr"/>
        <Caret Line="46" Column="15" TopLine="8"/>
      </Position>
      <Position>
        <Filename Value="benchmark.lpr"/>
        <Caret Line="44" Column="19" TopLine="6"/>
      </Position>
      <Position>
        <Filename Value="benchmark.lpr"/>
        <Caret Line="45" Column="16" TopLine="12"/>
      </Position>
      <Position>
        <Filename Value="benchmark.lpr"/>
        <Caret Line="46" Column="18" TopLine="12"/>
      </Position>
    </JumpHistory>
  </ProjectOptions>
  <CompilerOptions>
    <Version Value="11"/>
    <Target>
      <Filename Value="benchmark"/>
    </Target>
    <SearchPaths>
      <IncludeFiles Value="$(ProjOutDir)"/>
      <UnitOutputDirectory Value="lib/$(TargetCPU)-$(TargetOS)"/>
    </SearchPaths>
    <Parsing>
      <SyntaxOptions>
        <IncludeAssertionCode Value="True"/>
      </SyntaxOptions>
    </Parsing>
    <CodeGeneration>
      <Checks>
        <IOChecks Value="True"/>
        <RangeChecks Value="True"/>
        <OverflowChecks Value="True"/>
        <StackChecks Value="True"/>
      </Checks>
      <VerifyObjMethodCallValidity Value="True"/>
    </CodeGeneration>
    <Linking>
      <Debugging>
        <DebugInfoType Value="dsDwarf3"/>
        <UseHeaptrc Value="True"/>
        <TrashVariables Value="True"/>
      </Debugging>
    </Linking>
  </CompilerOptions>
  <Debugging>
    <Exceptions>
      <Item>
        <Name Value="EAbort"/>
      </Item>
      <Item>
        <Name Value="ECodetoolError"/>
      </Item>
      <Item>
        <Name Value="EFOpenError"/>
      </Item>
    </Exceptions>
  </Debugging>
</CONFIG>
